// !$*UTF8*$!
{
	archiveVersion = 1;
	classes = {
	};
	objectVersion = 51;
	objects = {

/* Begin PBXBuildFile section */
		553E7987C1E77CE2320FB566 /* Pods_SuncorpAstronautsTests.framework in Frameworks */ = {isa = PBXBuildFile; fileRef = 694EEB1670D04B4904C296FF /* Pods_SuncorpAstronautsTests.framework */; };
		580C8A13267CA80E0017256C /* ResponseData.swift in Sources */ = {isa = PBXBuildFile; fileRef = 580C8A12267CA80E0017256C /* ResponseData.swift */; };
		580C8A15267CE7480017256C /* ViewDisplayer.swift in Sources */ = {isa = PBXBuildFile; fileRef = 580C8A14267CE7480017256C /* ViewDisplayer.swift */; };
		580C8A17267DCAB80017256C /* ProgressView.swift in Sources */ = {isa = PBXBuildFile; fileRef = 580C8A16267DCAB80017256C /* ProgressView.swift */; };
		580C8A19267DE88B0017256C /* Astronaut.swift in Sources */ = {isa = PBXBuildFile; fileRef = 580C8A18267DE88A0017256C /* Astronaut.swift */; };
		580C8A27267DF6130017256C /* AstronautDetailViewController.swift in Sources */ = {isa = PBXBuildFile; fileRef = 580C8A26267DF6130017256C /* AstronautDetailViewController.swift */; };
		580C8A29267E347B0017256C /* AstronautDetailAdaptor.swift in Sources */ = {isa = PBXBuildFile; fileRef = 580C8A28267E347B0017256C /* AstronautDetailAdaptor.swift */; };
		580C8A2B267E3E3F0017256C /* ErrorView.swift in Sources */ = {isa = PBXBuildFile; fileRef = 580C8A2A267E3E3F0017256C /* ErrorView.swift */; };
		58C323E02679F36A000ED4A2 /* AstronautViewModel.swift in Sources */ = {isa = PBXBuildFile; fileRef = 58C323DF2679F36A000ED4A2 /* AstronautViewModel.swift */; };
		58C323E22679F3F2000ED4A2 /* AstronautListAdaptor.swift in Sources */ = {isa = PBXBuildFile; fileRef = 58C323E12679F3F2000ED4A2 /* AstronautListAdaptor.swift */; };
		58C323E4267ACD29000ED4A2 /* ConnectionManager.swift in Sources */ = {isa = PBXBuildFile; fileRef = 58C323E3267ACD29000ED4A2 /* ConnectionManager.swift */; };
		58EA61D12672061000FAF3CE /* AppDelegate.swift in Sources */ = {isa = PBXBuildFile; fileRef = 58EA61D02672061000FAF3CE /* AppDelegate.swift */; };
		58EA61D32672061000FAF3CE /* SceneDelegate.swift in Sources */ = {isa = PBXBuildFile; fileRef = 58EA61D22672061000FAF3CE /* SceneDelegate.swift */; };
		58EA61D52672061000FAF3CE /* AstronautListViewController.swift in Sources */ = {isa = PBXBuildFile; fileRef = 58EA61D42672061000FAF3CE /* AstronautListViewController.swift */; };
		58EA61D82672061000FAF3CE /* Main.storyboard in Resources */ = {isa = PBXBuildFile; fileRef = 58EA61D62672061000FAF3CE /* Main.storyboard */; };
		58EA61DA2672061200FAF3CE /* Assets.xcassets in Resources */ = {isa = PBXBuildFile; fileRef = 58EA61D92672061200FAF3CE /* Assets.xcassets */; };
		58EA61DD2672061200FAF3CE /* LaunchScreen.storyboard in Resources */ = {isa = PBXBuildFile; fileRef = 58EA61DB2672061200FAF3CE /* LaunchScreen.storyboard */; };
		58EA61E82672061300FAF3CE /* SuncorpAstronautsTests.swift in Sources */ = {isa = PBXBuildFile; fileRef = 58EA61E72672061300FAF3CE /* SuncorpAstronautsTests.swift */; };
		58EA61F32672061300FAF3CE /* SuncorpAstronautsUITests.swift in Sources */ = {isa = PBXBuildFile; fileRef = 58EA61F22672061300FAF3CE /* SuncorpAstronautsUITests.swift */; };
		58EA620226720B5500FAF3CE /* AstronautCell.swift in Sources */ = {isa = PBXBuildFile; fileRef = 58EA620126720B5500FAF3CE /* AstronautCell.swift */; };
		58EA62052672155D00FAF3CE /* ServiceManager.swift in Sources */ = {isa = PBXBuildFile; fileRef = 58EA62042672155C00FAF3CE /* ServiceManager.swift */; };
		EFEC99F1C60BA5B0189C0BFA /* Pods_SuncorpAstronauts_SuncorpAstronautsUITests.framework in Frameworks */ = {isa = PBXBuildFile; fileRef = 21590C5083778164C4084681 /* Pods_SuncorpAstronauts_SuncorpAstronautsUITests.framework */; };
		FB430C6827412A43D3128CC6 /* Pods_SuncorpAstronauts.framework in Frameworks */ = {isa = PBXBuildFile; fileRef = D0F4D36D74A8E63325AE395C /* Pods_SuncorpAstronauts.framework */; };
/* End PBXBuildFile section */

/* Begin PBXContainerItemProxy section */
		58EA61E42672061300FAF3CE /* PBXContainerItemProxy */ = {
			isa = PBXContainerItemProxy;
			containerPortal = 58EA61C52672061000FAF3CE /* Project object */;
			proxyType = 1;
			remoteGlobalIDString = 58EA61CC2672061000FAF3CE;
			remoteInfo = SuncorpAstronauts;
		};
		58EA61EF2672061300FAF3CE /* PBXContainerItemProxy */ = {
			isa = PBXContainerItemProxy;
			containerPortal = 58EA61C52672061000FAF3CE /* Project object */;
			proxyType = 1;
			remoteGlobalIDString = 58EA61CC2672061000FAF3CE;
			remoteInfo = SuncorpAstronauts;
		};
/* End PBXContainerItemProxy section */

/* Begin PBXFileReference section */
		090C4D777622475DE4E5B5A6 /* Pods-SuncorpAstronauts-SuncorpAstronautsUITests.release.xcconfig */ = {isa = PBXFileReference; includeInIndex = 1; lastKnownFileType = text.xcconfig; name = "Pods-SuncorpAstronauts-SuncorpAstronautsUITests.release.xcconfig"; path = "Target Support Files/Pods-SuncorpAstronauts-SuncorpAstronautsUITests/Pods-SuncorpAstronauts-SuncorpAstronautsUITests.release.xcconfig"; sourceTree = "<group>"; };
		0C1BC3C8CBAFD38929109B38 /* Pods-SuncorpAstronautsTests.release.xcconfig */ = {isa = PBXFileReference; includeInIndex = 1; lastKnownFileType = text.xcconfig; name = "Pods-SuncorpAstronautsTests.release.xcconfig"; path = "Target Support Files/Pods-SuncorpAstronautsTests/Pods-SuncorpAstronautsTests.release.xcconfig"; sourceTree = "<group>"; };
		21590C5083778164C4084681 /* Pods_SuncorpAstronauts_SuncorpAstronautsUITests.framework */ = {isa = PBXFileReference; explicitFileType = wrapper.framework; includeInIndex = 0; path = Pods_SuncorpAstronauts_SuncorpAstronautsUITests.framework; sourceTree = BUILT_PRODUCTS_DIR; };
		580C8A12267CA80E0017256C /* ResponseData.swift */ = {isa = PBXFileReference; lastKnownFileType = sourcecode.swift; path = ResponseData.swift; sourceTree = "<group>"; };
		580C8A14267CE7480017256C /* ViewDisplayer.swift */ = {isa = PBXFileReference; lastKnownFileType = sourcecode.swift; path = ViewDisplayer.swift; sourceTree = "<group>"; };
		580C8A16267DCAB80017256C /* ProgressView.swift */ = {isa = PBXFileReference; lastKnownFileType = sourcecode.swift; path = ProgressView.swift; sourceTree = "<group>"; };
		580C8A18267DE88A0017256C /* Astronaut.swift */ = {isa = PBXFileReference; lastKnownFileType = sourcecode.swift; path = Astronaut.swift; sourceTree = "<group>"; };
		580C8A26267DF6130017256C /* AstronautDetailViewController.swift */ = {isa = PBXFileReference; lastKnownFileType = sourcecode.swift; path = AstronautDetailViewController.swift; sourceTree = "<group>"; };
		580C8A28267E347B0017256C /* AstronautDetailAdaptor.swift */ = {isa = PBXFileReference; lastKnownFileType = sourcecode.swift; path = AstronautDetailAdaptor.swift; sourceTree = "<group>"; };
		580C8A2A267E3E3F0017256C /* ErrorView.swift */ = {isa = PBXFileReference; lastKnownFileType = sourcecode.swift; path = ErrorView.swift; sourceTree = "<group>"; };
		58C323DF2679F36A000ED4A2 /* AstronautViewModel.swift */ = {isa = PBXFileReference; lastKnownFileType = sourcecode.swift; path = AstronautViewModel.swift; sourceTree = "<group>"; };
		58C323E12679F3F2000ED4A2 /* AstronautListAdaptor.swift */ = {isa = PBXFileReference; lastKnownFileType = sourcecode.swift; path = AstronautListAdaptor.swift; sourceTree = "<group>"; };
		58C323E3267ACD29000ED4A2 /* ConnectionManager.swift */ = {isa = PBXFileReference; lastKnownFileType = sourcecode.swift; path = ConnectionManager.swift; sourceTree = "<group>"; };
		58EA61CD2672061000FAF3CE /* SuncorpAstronauts.app */ = {isa = PBXFileReference; explicitFileType = wrapper.application; includeInIndex = 0; path = SuncorpAstronauts.app; sourceTree = BUILT_PRODUCTS_DIR; };
		58EA61D02672061000FAF3CE /* AppDelegate.swift */ = {isa = PBXFileReference; lastKnownFileType = sourcecode.swift; path = AppDelegate.swift; sourceTree = "<group>"; };
		58EA61D22672061000FAF3CE /* SceneDelegate.swift */ = {isa = PBXFileReference; lastKnownFileType = sourcecode.swift; path = SceneDelegate.swift; sourceTree = "<group>"; };
		58EA61D42672061000FAF3CE /* AstronautListViewController.swift */ = {isa = PBXFileReference; lastKnownFileType = sourcecode.swift; path = AstronautListViewController.swift; sourceTree = "<group>"; };
		58EA61D72672061000FAF3CE /* Base */ = {isa = PBXFileReference; lastKnownFileType = file.storyboard; name = Base; path = Base.lproj/Main.storyboard; sourceTree = "<group>"; };
		58EA61D92672061200FAF3CE /* Assets.xcassets */ = {isa = PBXFileReference; lastKnownFileType = folder.assetcatalog; path = Assets.xcassets; sourceTree = "<group>"; };
		58EA61DC2672061200FAF3CE /* Base */ = {isa = PBXFileReference; lastKnownFileType = file.storyboard; name = Base; path = Base.lproj/LaunchScreen.storyboard; sourceTree = "<group>"; };
		58EA61DE2672061200FAF3CE /* Info.plist */ = {isa = PBXFileReference; lastKnownFileType = text.plist.xml; path = Info.plist; sourceTree = "<group>"; };
		58EA61E32672061300FAF3CE /* SuncorpAstronautsTests.xctest */ = {isa = PBXFileReference; explicitFileType = wrapper.cfbundle; includeInIndex = 0; path = SuncorpAstronautsTests.xctest; sourceTree = BUILT_PRODUCTS_DIR; };
		58EA61E72672061300FAF3CE /* SuncorpAstronautsTests.swift */ = {isa = PBXFileReference; lastKnownFileType = sourcecode.swift; path = SuncorpAstronautsTests.swift; sourceTree = "<group>"; };
		58EA61E92672061300FAF3CE /* Info.plist */ = {isa = PBXFileReference; lastKnownFileType = text.plist.xml; path = Info.plist; sourceTree = "<group>"; };
		58EA61EE2672061300FAF3CE /* SuncorpAstronautsUITests.xctest */ = {isa = PBXFileReference; explicitFileType = wrapper.cfbundle; includeInIndex = 0; path = SuncorpAstronautsUITests.xctest; sourceTree = BUILT_PRODUCTS_DIR; };
		58EA61F22672061300FAF3CE /* SuncorpAstronautsUITests.swift */ = {isa = PBXFileReference; lastKnownFileType = sourcecode.swift; path = SuncorpAstronautsUITests.swift; sourceTree = "<group>"; };
		58EA61F42672061300FAF3CE /* Info.plist */ = {isa = PBXFileReference; lastKnownFileType = text.plist.xml; path = Info.plist; sourceTree = "<group>"; };
		58EA620126720B5500FAF3CE /* AstronautCell.swift */ = {isa = PBXFileReference; lastKnownFileType = sourcecode.swift; path = AstronautCell.swift; sourceTree = "<group>"; };
		58EA62042672155C00FAF3CE /* ServiceManager.swift */ = {isa = PBXFileReference; lastKnownFileType = sourcecode.swift; path = ServiceManager.swift; sourceTree = "<group>"; };
		694EEB1670D04B4904C296FF /* Pods_SuncorpAstronautsTests.framework */ = {isa = PBXFileReference; explicitFileType = wrapper.framework; includeInIndex = 0; path = Pods_SuncorpAstronautsTests.framework; sourceTree = BUILT_PRODUCTS_DIR; };
		9F790CA173D23694513F3FBD /* Pods-SuncorpAstronautsTests.debug.xcconfig */ = {isa = PBXFileReference; includeInIndex = 1; lastKnownFileType = text.xcconfig; name = "Pods-SuncorpAstronautsTests.debug.xcconfig"; path = "Target Support Files/Pods-SuncorpAstronautsTests/Pods-SuncorpAstronautsTests.debug.xcconfig"; sourceTree = "<group>"; };
		AF0B790B6DBD198D59A96B1F /* Pods-SuncorpAstronauts.release.xcconfig */ = {isa = PBXFileReference; includeInIndex = 1; lastKnownFileType = text.xcconfig; name = "Pods-SuncorpAstronauts.release.xcconfig"; path = "Target Support Files/Pods-SuncorpAstronauts/Pods-SuncorpAstronauts.release.xcconfig"; sourceTree = "<group>"; };
		D0F4D36D74A8E63325AE395C /* Pods_SuncorpAstronauts.framework */ = {isa = PBXFileReference; explicitFileType = wrapper.framework; includeInIndex = 0; path = Pods_SuncorpAstronauts.framework; sourceTree = BUILT_PRODUCTS_DIR; };
		F0801D91CC3DA5887C4CFA81 /* Pods-SuncorpAstronauts-SuncorpAstronautsUITests.debug.xcconfig */ = {isa = PBXFileReference; includeInIndex = 1; lastKnownFileType = text.xcconfig; name = "Pods-SuncorpAstronauts-SuncorpAstronautsUITests.debug.xcconfig"; path = "Target Support Files/Pods-SuncorpAstronauts-SuncorpAstronautsUITests/Pods-SuncorpAstronauts-SuncorpAstronautsUITests.debug.xcconfig"; sourceTree = "<group>"; };
		FD80BA3E38694838B34F56C1 /* Pods-SuncorpAstronauts.debug.xcconfig */ = {isa = PBXFileReference; includeInIndex = 1; lastKnownFileType = text.xcconfig; name = "Pods-SuncorpAstronauts.debug.xcconfig"; path = "Target Support Files/Pods-SuncorpAstronauts/Pods-SuncorpAstronauts.debug.xcconfig"; sourceTree = "<group>"; };
/* End PBXFileReference section */

/* Begin PBXFrameworksBuildPhase section */
		58EA61CA2672061000FAF3CE /* Frameworks */ = {
			isa = PBXFrameworksBuildPhase;
			buildActionMask = 2147483647;
			files = (
				FB430C6827412A43D3128CC6 /* Pods_SuncorpAstronauts.framework in Frameworks */,
			);
			runOnlyForDeploymentPostprocessing = 0;
		};
		58EA61E02672061300FAF3CE /* Frameworks */ = {
			isa = PBXFrameworksBuildPhase;
			buildActionMask = 2147483647;
			files = (
				553E7987C1E77CE2320FB566 /* Pods_SuncorpAstronautsTests.framework in Frameworks */,
			);
			runOnlyForDeploymentPostprocessing = 0;
		};
		58EA61EB2672061300FAF3CE /* Frameworks */ = {
			isa = PBXFrameworksBuildPhase;
			buildActionMask = 2147483647;
			files = (
				EFEC99F1C60BA5B0189C0BFA /* Pods_SuncorpAstronauts_SuncorpAstronautsUITests.framework in Frameworks */,
			);
			runOnlyForDeploymentPostprocessing = 0;
		};
/* End PBXFrameworksBuildPhase section */

/* Begin PBXGroup section */
		0910F28192451AE1F3E684AD /* Frameworks */ = {
			isa = PBXGroup;
			children = (
				D0F4D36D74A8E63325AE395C /* Pods_SuncorpAstronauts.framework */,
				21590C5083778164C4084681 /* Pods_SuncorpAstronauts_SuncorpAstronautsUITests.framework */,
				694EEB1670D04B4904C296FF /* Pods_SuncorpAstronautsTests.framework */,
			);
			name = Frameworks;
			sourceTree = "<group>";
		};
		580C8A11267CA7F30017256C /* ResponseData */ = {
			isa = PBXGroup;
			children = (
				580C8A12267CA80E0017256C /* ResponseData.swift */,
				580C8A18267DE88A0017256C /* Astronaut.swift */,
			);
			path = ResponseData;
			sourceTree = "<group>";
		};
		580C8A1A267DEB950017256C /* Model */ = {
			isa = PBXGroup;
			children = (
				580C8A11267CA7F30017256C /* ResponseData */,
			);
			path = Model;
			sourceTree = "<group>";
		};
		580C8A1B267DEBA40017256C /* ViewModel */ = {
			isa = PBXGroup;
			children = (
				580C8A14267CE7480017256C /* ViewDisplayer.swift */,
				58C323DF2679F36A000ED4A2 /* AstronautViewModel.swift */,
			);
			path = ViewModel;
			sourceTree = "<group>";
		};
		580C8A1C267DEBBB0017256C /* View */ = {
			isa = PBXGroup;
			children = (
				58C323E12679F3F2000ED4A2 /* AstronautListAdaptor.swift */,
				580C8A28267E347B0017256C /* AstronautDetailAdaptor.swift */,
				580C8A1F267DEBEF0017256C /* Stroyboard */,
				580C8A1E267DEBDD0017256C /* ErrorView */,
				580C8A1D267DEBCE0017256C /* ProgressView */,
				58EA620026720B1800FAF3CE /* CustomCells */,
			);
			path = View;
			sourceTree = "<group>";
		};
		580C8A1D267DEBCE0017256C /* ProgressView */ = {
			isa = PBXGroup;
			children = (
				580C8A16267DCAB80017256C /* ProgressView.swift */,
			);
			path = ProgressView;
			sourceTree = "<group>";
		};
		580C8A1E267DEBDD0017256C /* ErrorView */ = {
			isa = PBXGroup;
			children = (
				580C8A2A267E3E3F0017256C /* ErrorView.swift */,
			);
			path = ErrorView;
			sourceTree = "<group>";
		};
		580C8A1F267DEBEF0017256C /* Stroyboard */ = {
			isa = PBXGroup;
			children = (
				58EA61DB2672061200FAF3CE /* LaunchScreen.storyboard */,
				58EA61D62672061000FAF3CE /* Main.storyboard */,
			);
			path = Stroyboard;
			sourceTree = "<group>";
		};
		580C8A20267DEC490017256C /* Utility */ = {
			isa = PBXGroup;
			children = (
				58EA62032672152400FAF3CE /* ServiceAPI */,
			);
			path = Utility;
			sourceTree = "<group>";
		};
		580C8A21267DEC990017256C /* ViewController */ = {
			isa = PBXGroup;
			children = (
				58EA61D42672061000FAF3CE /* AstronautListViewController.swift */,
				580C8A26267DF6130017256C /* AstronautDetailViewController.swift */,
			);
			path = ViewController;
			sourceTree = "<group>";
		};
		580C8A22267DECB30017256C /* AppDelegate */ = {
			isa = PBXGroup;
			children = (
				58EA61D02672061000FAF3CE /* AppDelegate.swift */,
			);
			path = AppDelegate;
			sourceTree = "<group>";
		};
		580C8A23267DECD90017256C /* SceneDelegate */ = {
			isa = PBXGroup;
			children = (
				58EA61D22672061000FAF3CE /* SceneDelegate.swift */,
			);
			path = SceneDelegate;
			sourceTree = "<group>";
		};
		58EA61C42672061000FAF3CE = {
			isa = PBXGroup;
			children = (
				58EA61CF2672061000FAF3CE /* SuncorpAstronauts */,
				58EA61E62672061300FAF3CE /* SuncorpAstronautsTests */,
				58EA61F12672061300FAF3CE /* SuncorpAstronautsUITests */,
				58EA61CE2672061000FAF3CE /* Products */,
				82C98B29ED045301F082C102 /* Pods */,
				0910F28192451AE1F3E684AD /* Frameworks */,
			);
			sourceTree = "<group>";
		};
		58EA61CE2672061000FAF3CE /* Products */ = {
			isa = PBXGroup;
			children = (
				58EA61CD2672061000FAF3CE /* SuncorpAstronauts.app */,
				58EA61E32672061300FAF3CE /* SuncorpAstronautsTests.xctest */,
				58EA61EE2672061300FAF3CE /* SuncorpAstronautsUITests.xctest */,
			);
			name = Products;
			sourceTree = "<group>";
		};
		58EA61CF2672061000FAF3CE /* SuncorpAstronauts */ = {
			isa = PBXGroup;
			children = (
				580C8A23267DECD90017256C /* SceneDelegate */,
				580C8A22267DECB30017256C /* AppDelegate */,
				580C8A21267DEC990017256C /* ViewController */,
				580C8A1A267DEB950017256C /* Model */,
				580C8A1C267DEBBB0017256C /* View */,
				580C8A1B267DEBA40017256C /* ViewModel */,
				580C8A20267DEC490017256C /* Utility */,
				58EA61D92672061200FAF3CE /* Assets.xcassets */,
				58EA61DE2672061200FAF3CE /* Info.plist */,
			);
			path = SuncorpAstronauts;
			sourceTree = "<group>";
		};
		58EA61E62672061300FAF3CE /* SuncorpAstronautsTests */ = {
			isa = PBXGroup;
			children = (
				58EA61E72672061300FAF3CE /* SuncorpAstronautsTests.swift */,
				58EA61E92672061300FAF3CE /* Info.plist */,
			);
			path = SuncorpAstronautsTests;
			sourceTree = "<group>";
		};
		58EA61F12672061300FAF3CE /* SuncorpAstronautsUITests */ = {
			isa = PBXGroup;
			children = (
				58EA61F22672061300FAF3CE /* SuncorpAstronautsUITests.swift */,
				58EA61F42672061300FAF3CE /* Info.plist */,
			);
			path = SuncorpAstronautsUITests;
			sourceTree = "<group>";
		};
		58EA620026720B1800FAF3CE /* CustomCells */ = {
			isa = PBXGroup;
			children = (
				58EA620126720B5500FAF3CE /* AstronautCell.swift */,
			);
			path = CustomCells;
			sourceTree = "<group>";
		};
		58EA62032672152400FAF3CE /* ServiceAPI */ = {
			isa = PBXGroup;
			children = (
				58EA62042672155C00FAF3CE /* ServiceManager.swift */,
				58C323E3267ACD29000ED4A2 /* ConnectionManager.swift */,
			);
			path = ServiceAPI;
			sourceTree = "<group>";
		};
		82C98B29ED045301F082C102 /* Pods */ = {
			isa = PBXGroup;
			children = (
				FD80BA3E38694838B34F56C1 /* Pods-SuncorpAstronauts.debug.xcconfig */,
				AF0B790B6DBD198D59A96B1F /* Pods-SuncorpAstronauts.release.xcconfig */,
				F0801D91CC3DA5887C4CFA81 /* Pods-SuncorpAstronauts-SuncorpAstronautsUITests.debug.xcconfig */,
				090C4D777622475DE4E5B5A6 /* Pods-SuncorpAstronauts-SuncorpAstronautsUITests.release.xcconfig */,
				9F790CA173D23694513F3FBD /* Pods-SuncorpAstronautsTests.debug.xcconfig */,
				0C1BC3C8CBAFD38929109B38 /* Pods-SuncorpAstronautsTests.release.xcconfig */,
			);
			path = Pods;
			sourceTree = "<group>";
		};
/* End PBXGroup section */

/* Begin PBXNativeTarget section */
		58EA61CC2672061000FAF3CE /* SuncorpAstronauts */ = {
			isa = PBXNativeTarget;
			buildConfigurationList = 58EA61F72672061300FAF3CE /* Build configuration list for PBXNativeTarget "SuncorpAstronauts" */;
			buildPhases = (
				16F271BC3417B7B95F7FCFAA /* [CP] Check Pods Manifest.lock */,
				58EA61C92672061000FAF3CE /* Sources */,
				58EA61CA2672061000FAF3CE /* Frameworks */,
				58EA61CB2672061000FAF3CE /* Resources */,
				C7B3533A438C509C760E4E67 /* [CP] Embed Pods Frameworks */,
			);
			buildRules = (
			);
			dependencies = (
			);
			name = SuncorpAstronauts;
			productName = SuncorpAstronauts;
			productReference = 58EA61CD2672061000FAF3CE /* SuncorpAstronauts.app */;
			productType = "com.apple.product-type.application";
		};
		58EA61E22672061300FAF3CE /* SuncorpAstronautsTests */ = {
			isa = PBXNativeTarget;
			buildConfigurationList = 58EA61FA2672061300FAF3CE /* Build configuration list for PBXNativeTarget "SuncorpAstronautsTests" */;
			buildPhases = (
				AA75E19CC0FA7D65E6565CB2 /* [CP] Check Pods Manifest.lock */,
				58EA61DF2672061300FAF3CE /* Sources */,
				58EA61E02672061300FAF3CE /* Frameworks */,
				58EA61E12672061300FAF3CE /* Resources */,
			);
			buildRules = (
			);
			dependencies = (
				58EA61E52672061300FAF3CE /* PBXTargetDependency */,
			);
			name = SuncorpAstronautsTests;
			productName = SuncorpAstronautsTests;
			productReference = 58EA61E32672061300FAF3CE /* SuncorpAstronautsTests.xctest */;
			productType = "com.apple.product-type.bundle.unit-test";
		};
		58EA61ED2672061300FAF3CE /* SuncorpAstronautsUITests */ = {
			isa = PBXNativeTarget;
			buildConfigurationList = 58EA61FD2672061300FAF3CE /* Build configuration list for PBXNativeTarget "SuncorpAstronautsUITests" */;
			buildPhases = (
				5FD18F0CD66A0C78E82FBD8A /* [CP] Check Pods Manifest.lock */,
				58EA61EA2672061300FAF3CE /* Sources */,
				58EA61EB2672061300FAF3CE /* Frameworks */,
				58EA61EC2672061300FAF3CE /* Resources */,
				E5B0FE6B5694DF83E3DBC17E /* [CP] Embed Pods Frameworks */,
			);
			buildRules = (
			);
			dependencies = (
				58EA61F02672061300FAF3CE /* PBXTargetDependency */,
			);
			name = SuncorpAstronautsUITests;
			productName = SuncorpAstronautsUITests;
			productReference = 58EA61EE2672061300FAF3CE /* SuncorpAstronautsUITests.xctest */;
			productType = "com.apple.product-type.bundle.ui-testing";
		};
/* End PBXNativeTarget section */

/* Begin PBXProject section */
		58EA61C52672061000FAF3CE /* Project object */ = {
			isa = PBXProject;
			attributes = {
				LastSwiftUpdateCheck = 1250;
				LastUpgradeCheck = 1250;
				TargetAttributes = {
					58EA61CC2672061000FAF3CE = {
						CreatedOnToolsVersion = 12.5;
					};
					58EA61E22672061300FAF3CE = {
						CreatedOnToolsVersion = 12.5;
						TestTargetID = 58EA61CC2672061000FAF3CE;
					};
					58EA61ED2672061300FAF3CE = {
						CreatedOnToolsVersion = 12.5;
						TestTargetID = 58EA61CC2672061000FAF3CE;
					};
				};
			};
			buildConfigurationList = 58EA61C82672061000FAF3CE /* Build configuration list for PBXProject "SuncorpAstronauts" */;
			compatibilityVersion = "Xcode 9.3";
			developmentRegion = en;
			hasScannedForEncodings = 0;
			knownRegions = (
				en,
				Base,
			);
			mainGroup = 58EA61C42672061000FAF3CE;
			productRefGroup = 58EA61CE2672061000FAF3CE /* Products */;
			projectDirPath = "";
			projectRoot = "";
			targets = (
				58EA61CC2672061000FAF3CE /* SuncorpAstronauts */,
				58EA61E22672061300FAF3CE /* SuncorpAstronautsTests */,
				58EA61ED2672061300FAF3CE /* SuncorpAstronautsUITests */,
			);
		};
/* End PBXProject section */

/* Begin PBXResourcesBuildPhase section */
		58EA61CB2672061000FAF3CE /* Resources */ = {
			isa = PBXResourcesBuildPhase;
			buildActionMask = 2147483647;
			files = (
				58EA61DD2672061200FAF3CE /* LaunchScreen.storyboard in Resources */,
				58EA61DA2672061200FAF3CE /* Assets.xcassets in Resources */,
				58EA61D82672061000FAF3CE /* Main.storyboard in Resources */,
			);
			runOnlyForDeploymentPostprocessing = 0;
		};
		58EA61E12672061300FAF3CE /* Resources */ = {
			isa = PBXResourcesBuildPhase;
			buildActionMask = 2147483647;
			files = (
			);
			runOnlyForDeploymentPostprocessing = 0;
		};
		58EA61EC2672061300FAF3CE /* Resources */ = {
			isa = PBXResourcesBuildPhase;
			buildActionMask = 2147483647;
			files = (
			);
			runOnlyForDeploymentPostprocessing = 0;
		};
/* End PBXResourcesBuildPhase section */

/* Begin PBXShellScriptBuildPhase section */
		16F271BC3417B7B95F7FCFAA /* [CP] Check Pods Manifest.lock */ = {
			isa = PBXShellScriptBuildPhase;
			buildActionMask = 2147483647;
			files = (
			);
			inputFileListPaths = (
			);
			inputPaths = (
				"${PODS_PODFILE_DIR_PATH}/Podfile.lock",
				"${PODS_ROOT}/Manifest.lock",
			);
			name = "[CP] Check Pods Manifest.lock";
			outputFileListPaths = (
			);
			outputPaths = (
				"$(DERIVED_FILE_DIR)/Pods-SuncorpAstronauts-checkManifestLockResult.txt",
			);
			runOnlyForDeploymentPostprocessing = 0;
			shellPath = /bin/sh;
			shellScript = "diff \"${PODS_PODFILE_DIR_PATH}/Podfile.lock\" \"${PODS_ROOT}/Manifest.lock\" > /dev/null\nif [ $? != 0 ] ; then\n    # print error to STDERR\n    echo \"error: The sandbox is not in sync with the Podfile.lock. Run 'pod install' or update your CocoaPods installation.\" >&2\n    exit 1\nfi\n# This output is used by Xcode 'outputs' to avoid re-running this script phase.\necho \"SUCCESS\" > \"${SCRIPT_OUTPUT_FILE_0}\"\n";
			showEnvVarsInLog = 0;
		};
		5FD18F0CD66A0C78E82FBD8A /* [CP] Check Pods Manifest.lock */ = {
			isa = PBXShellScriptBuildPhase;
			buildActionMask = 2147483647;
			files = (
			);
			inputFileListPaths = (
			);
			inputPaths = (
				"${PODS_PODFILE_DIR_PATH}/Podfile.lock",
				"${PODS_ROOT}/Manifest.lock",
			);
			name = "[CP] Check Pods Manifest.lock";
			outputFileListPaths = (
			);
			outputPaths = (
				"$(DERIVED_FILE_DIR)/Pods-SuncorpAstronauts-SuncorpAstronautsUITests-checkManifestLockResult.txt",
			);
			runOnlyForDeploymentPostprocessing = 0;
			shellPath = /bin/sh;
			shellScript = "diff \"${PODS_PODFILE_DIR_PATH}/Podfile.lock\" \"${PODS_ROOT}/Manifest.lock\" > /dev/null\nif [ $? != 0 ] ; then\n    # print error to STDERR\n    echo \"error: The sandbox is not in sync with the Podfile.lock. Run 'pod install' or update your CocoaPods installation.\" >&2\n    exit 1\nfi\n# This output is used by Xcode 'outputs' to avoid re-running this script phase.\necho \"SUCCESS\" > \"${SCRIPT_OUTPUT_FILE_0}\"\n";
			showEnvVarsInLog = 0;
		};
		AA75E19CC0FA7D65E6565CB2 /* [CP] Check Pods Manifest.lock */ = {
			isa = PBXShellScriptBuildPhase;
			buildActionMask = 2147483647;
			files = (
			);
			inputFileListPaths = (
			);
			inputPaths = (
				"${PODS_PODFILE_DIR_PATH}/Podfile.lock",
				"${PODS_ROOT}/Manifest.lock",
			);
			name = "[CP] Check Pods Manifest.lock";
			outputFileListPaths = (
			);
			outputPaths = (
				"$(DERIVED_FILE_DIR)/Pods-SuncorpAstronautsTests-checkManifestLockResult.txt",
			);
			runOnlyForDeploymentPostprocessing = 0;
			shellPath = /bin/sh;
			shellScript = "diff \"${PODS_PODFILE_DIR_PATH}/Podfile.lock\" \"${PODS_ROOT}/Manifest.lock\" > /dev/null\nif [ $? != 0 ] ; then\n    # print error to STDERR\n    echo \"error: The sandbox is not in sync with the Podfile.lock. Run 'pod install' or update your CocoaPods installation.\" >&2\n    exit 1\nfi\n# This output is used by Xcode 'outputs' to avoid re-running this script phase.\necho \"SUCCESS\" > \"${SCRIPT_OUTPUT_FILE_0}\"\n";
			showEnvVarsInLog = 0;
		};
		C7B3533A438C509C760E4E67 /* [CP] Embed Pods Frameworks */ = {
			isa = PBXShellScriptBuildPhase;
			buildActionMask = 2147483647;
			files = (
			);
			inputFileListPaths = (
				"${PODS_ROOT}/Target Support Files/Pods-SuncorpAstronauts/Pods-SuncorpAstronauts-frameworks-${CONFIGURATION}-input-files.xcfilelist",
			);
			name = "[CP] Embed Pods Frameworks";
			outputFileListPaths = (
				"${PODS_ROOT}/Target Support Files/Pods-SuncorpAstronauts/Pods-SuncorpAstronauts-frameworks-${CONFIGURATION}-output-files.xcfilelist",
			);
			runOnlyForDeploymentPostprocessing = 0;
			shellPath = /bin/sh;
			shellScript = "\"${PODS_ROOT}/Target Support Files/Pods-SuncorpAstronauts/Pods-SuncorpAstronauts-frameworks.sh\"\n";
			showEnvVarsInLog = 0;
		};
		E5B0FE6B5694DF83E3DBC17E /* [CP] Embed Pods Frameworks */ = {
			isa = PBXShellScriptBuildPhase;
			buildActionMask = 2147483647;
			files = (
			);
			inputFileListPaths = (
				"${PODS_ROOT}/Target Support Files/Pods-SuncorpAstronauts-SuncorpAstronautsUITests/Pods-SuncorpAstronauts-SuncorpAstronautsUITests-frameworks-${CONFIGURATION}-input-files.xcfilelist",
			);
			name = "[CP] Embed Pods Frameworks";
			outputFileListPaths = (
				"${PODS_ROOT}/Target Support Files/Pods-SuncorpAstronauts-SuncorpAstronautsUITests/Pods-SuncorpAstronauts-SuncorpAstronautsUITests-frameworks-${CONFIGURATION}-output-files.xcfilelist",
			);
			runOnlyForDeploymentPostprocessing = 0;
			shellPath = /bin/sh;
			shellScript = "\"${PODS_ROOT}/Target Support Files/Pods-SuncorpAstronauts-SuncorpAstronautsUITests/Pods-SuncorpAstronauts-SuncorpAstronautsUITests-frameworks.sh\"\n";
			showEnvVarsInLog = 0;
		};
/* End PBXShellScriptBuildPhase section */

/* Begin PBXSourcesBuildPhase section */
		58EA61C92672061000FAF3CE /* Sources */ = {
			isa = PBXSourcesBuildPhase;
			buildActionMask = 2147483647;
			files = (
				58EA61D52672061000FAF3CE /* AstronautListViewController.swift in Sources */,
				58EA61D12672061000FAF3CE /* AppDelegate.swift in Sources */,
				58C323E02679F36A000ED4A2 /* AstronautViewModel.swift in Sources */,
				580C8A19267DE88B0017256C /* Astronaut.swift in Sources */,
				580C8A29267E347B0017256C /* AstronautDetailAdaptor.swift in Sources */,
				58EA61D32672061000FAF3CE /* SceneDelegate.swift in Sources */,
				580C8A15267CE7480017256C /* ViewDisplayer.swift in Sources */,
				580C8A13267CA80E0017256C /* ResponseData.swift in Sources */,
				58EA620226720B5500FAF3CE /* AstronautCell.swift in Sources */,
				58C323E4267ACD29000ED4A2 /* ConnectionManager.swift in Sources */,
				580C8A2B267E3E3F0017256C /* ErrorView.swift in Sources */,
				58C323E22679F3F2000ED4A2 /* AstronautListAdaptor.swift in Sources */,
				580C8A27267DF6130017256C /* AstronautDetailViewController.swift in Sources */,
				58EA62052672155D00FAF3CE /* ServiceManager.swift in Sources */,
				580C8A17267DCAB80017256C /* ProgressView.swift in Sources */,
			);
			runOnlyForDeploymentPostprocessing = 0;
		};
		58EA61DF2672061300FAF3CE /* Sources */ = {
			isa = PBXSourcesBuildPhase;
			buildActionMask = 2147483647;
			files = (
				58EA61E82672061300FAF3CE /* SuncorpAstronautsTests.swift in Sources */,
			);
			runOnlyForDeploymentPostprocessing = 0;
		};
		58EA61EA2672061300FAF3CE /* Sources */ = {
			isa = PBXSourcesBuildPhase;
			buildActionMask = 2147483647;
			files = (
				58EA61F32672061300FAF3CE /* SuncorpAstronautsUITests.swift in Sources */,
			);
			runOnlyForDeploymentPostprocessing = 0;
		};
/* End PBXSourcesBuildPhase section */

/* Begin PBXTargetDependency section */
		58EA61E52672061300FAF3CE /* PBXTargetDependency */ = {
			isa = PBXTargetDependency;
			target = 58EA61CC2672061000FAF3CE /* SuncorpAstronauts */;
			targetProxy = 58EA61E42672061300FAF3CE /* PBXContainerItemProxy */;
		};
		58EA61F02672061300FAF3CE /* PBXTargetDependency */ = {
			isa = PBXTargetDependency;
			target = 58EA61CC2672061000FAF3CE /* SuncorpAstronauts */;
			targetProxy = 58EA61EF2672061300FAF3CE /* PBXContainerItemProxy */;
		};
/* End PBXTargetDependency section */

/* Begin PBXVariantGroup section */
		58EA61D62672061000FAF3CE /* Main.storyboard */ = {
			isa = PBXVariantGroup;
			children = (
				58EA61D72672061000FAF3CE /* Base */,
			);
			name = Main.storyboard;
			sourceTree = "<group>";
		};
		58EA61DB2672061200FAF3CE /* LaunchScreen.storyboard */ = {
			isa = PBXVariantGroup;
			children = (
				58EA61DC2672061200FAF3CE /* Base */,
			);
			name = LaunchScreen.storyboard;
			sourceTree = "<group>";
		};
/* End PBXVariantGroup section */

/* Begin XCBuildConfiguration section */
		58EA61F52672061300FAF3CE /* Debug */ = {
			isa = XCBuildConfiguration;
			buildSettings = {
				ALWAYS_SEARCH_USER_PATHS = NO;
				CLANG_ANALYZER_NONNULL = YES;
				CLANG_ANALYZER_NUMBER_OBJECT_CONVERSION = YES_AGGRESSIVE;
				CLANG_CXX_LANGUAGE_STANDARD = "gnu++14";
				CLANG_CXX_LIBRARY = "libc++";
				CLANG_ENABLE_MODULES = YES;
				CLANG_ENABLE_OBJC_ARC = YES;
				CLANG_ENABLE_OBJC_WEAK = YES;
				CLANG_WARN_BLOCK_CAPTURE_AUTORELEASING = YES;
				CLANG_WARN_BOOL_CONVERSION = YES;
				CLANG_WARN_COMMA = YES;
				CLANG_WARN_CONSTANT_CONVERSION = YES;
				CLANG_WARN_DEPRECATED_OBJC_IMPLEMENTATIONS = YES;
				CLANG_WARN_DIRECT_OBJC_ISA_USAGE = YES_ERROR;
				CLANG_WARN_DOCUMENTATION_COMMENTS = YES;
				CLANG_WARN_EMPTY_BODY = YES;
				CLANG_WARN_ENUM_CONVERSION = YES;
				CLANG_WARN_INFINITE_RECURSION = YES;
				CLANG_WARN_INT_CONVERSION = YES;
				CLANG_WARN_NON_LITERAL_NULL_CONVERSION = YES;
				CLANG_WARN_OBJC_IMPLICIT_RETAIN_SELF = YES;
				CLANG_WARN_OBJC_LITERAL_CONVERSION = YES;
				CLANG_WARN_OBJC_ROOT_CLASS = YES_ERROR;
				CLANG_WARN_QUOTED_INCLUDE_IN_FRAMEWORK_HEADER = YES;
				CLANG_WARN_RANGE_LOOP_ANALYSIS = YES;
				CLANG_WARN_STRICT_PROTOTYPES = YES;
				CLANG_WARN_SUSPICIOUS_MOVE = YES;
				CLANG_WARN_UNGUARDED_AVAILABILITY = YES_AGGRESSIVE;
				CLANG_WARN_UNREACHABLE_CODE = YES;
				CLANG_WARN__DUPLICATE_METHOD_MATCH = YES;
				COPY_PHASE_STRIP = NO;
				DEBUG_INFORMATION_FORMAT = dwarf;
				ENABLE_STRICT_OBJC_MSGSEND = YES;
				ENABLE_TESTABILITY = YES;
				GCC_C_LANGUAGE_STANDARD = gnu11;
				GCC_DYNAMIC_NO_PIC = NO;
				GCC_NO_COMMON_BLOCKS = YES;
				GCC_OPTIMIZATION_LEVEL = 0;
				GCC_PREPROCESSOR_DEFINITIONS = (
					"DEBUG=1",
					"$(inherited)",
				);
				GCC_WARN_64_TO_32_BIT_CONVERSION = YES;
				GCC_WARN_ABOUT_RETURN_TYPE = YES_ERROR;
				GCC_WARN_UNDECLARED_SELECTOR = YES;
				GCC_WARN_UNINITIALIZED_AUTOS = YES_AGGRESSIVE;
				GCC_WARN_UNUSED_FUNCTION = YES;
				GCC_WARN_UNUSED_VARIABLE = YES;
				IPHONEOS_DEPLOYMENT_TARGET = 14.5;
				MTL_ENABLE_DEBUG_INFO = INCLUDE_SOURCE;
				MTL_FAST_MATH = YES;
				ONLY_ACTIVE_ARCH = YES;
				SDKROOT = iphoneos;
				SWIFT_ACTIVE_COMPILATION_CONDITIONS = DEBUG;
				SWIFT_OPTIMIZATION_LEVEL = "-Onone";
			};
			name = Debug;
		};
		58EA61F62672061300FAF3CE /* Release */ = {
			isa = XCBuildConfiguration;
			buildSettings = {
				ALWAYS_SEARCH_USER_PATHS = NO;
				CLANG_ANALYZER_NONNULL = YES;
				CLANG_ANALYZER_NUMBER_OBJECT_CONVERSION = YES_AGGRESSIVE;
				CLANG_CXX_LANGUAGE_STANDARD = "gnu++14";
				CLANG_CXX_LIBRARY = "libc++";
				CLANG_ENABLE_MODULES = YES;
				CLANG_ENABLE_OBJC_ARC = YES;
				CLANG_ENABLE_OBJC_WEAK = YES;
				CLANG_WARN_BLOCK_CAPTURE_AUTORELEASING = YES;
				CLANG_WARN_BOOL_CONVERSION = YES;
				CLANG_WARN_COMMA = YES;
				CLANG_WARN_CONSTANT_CONVERSION = YES;
				CLANG_WARN_DEPRECATED_OBJC_IMPLEMENTATIONS = YES;
				CLANG_WARN_DIRECT_OBJC_ISA_USAGE = YES_ERROR;
				CLANG_WARN_DOCUMENTATION_COMMENTS = YES;
				CLANG_WARN_EMPTY_BODY = YES;
				CLANG_WARN_ENUM_CONVERSION = YES;
				CLANG_WARN_INFINITE_RECURSION = YES;
				CLANG_WARN_INT_CONVERSION = YES;
				CLANG_WARN_NON_LITERAL_NULL_CONVERSION = YES;
				CLANG_WARN_OBJC_IMPLICIT_RETAIN_SELF = YES;
				CLANG_WARN_OBJC_LITERAL_CONVERSION = YES;
				CLANG_WARN_OBJC_ROOT_CLASS = YES_ERROR;
				CLANG_WARN_QUOTED_INCLUDE_IN_FRAMEWORK_HEADER = YES;
				CLANG_WARN_RANGE_LOOP_ANALYSIS = YES;
				CLANG_WARN_STRICT_PROTOTYPES = YES;
				CLANG_WARN_SUSPICIOUS_MOVE = YES;
				CLANG_WARN_UNGUARDED_AVAILABILITY = YES_AGGRESSIVE;
				CLANG_WARN_UNREACHABLE_CODE = YES;
				CLANG_WARN__DUPLICATE_METHOD_MATCH = YES;
				COPY_PHASE_STRIP = NO;
				DEBUG_INFORMATION_FORMAT = "dwarf-with-dsym";
				ENABLE_NS_ASSERTIONS = NO;
				ENABLE_STRICT_OBJC_MSGSEND = YES;
				GCC_C_LANGUAGE_STANDARD = gnu11;
				GCC_NO_COMMON_BLOCKS = YES;
				GCC_WARN_64_TO_32_BIT_CONVERSION = YES;
				GCC_WARN_ABOUT_RETURN_TYPE = YES_ERROR;
				GCC_WARN_UNDECLARED_SELECTOR = YES;
				GCC_WARN_UNINITIALIZED_AUTOS = YES_AGGRESSIVE;
				GCC_WARN_UNUSED_FUNCTION = YES;
				GCC_WARN_UNUSED_VARIABLE = YES;
				IPHONEOS_DEPLOYMENT_TARGET = 14.5;
				MTL_ENABLE_DEBUG_INFO = NO;
				MTL_FAST_MATH = YES;
				SDKROOT = iphoneos;
				SWIFT_COMPILATION_MODE = wholemodule;
				SWIFT_OPTIMIZATION_LEVEL = "-O";
				VALIDATE_PRODUCT = YES;
			};
			name = Release;
		};
		58EA61F82672061300FAF3CE /* Debug */ = {
			isa = XCBuildConfiguration;
			baseConfigurationReference = FD80BA3E38694838B34F56C1 /* Pods-SuncorpAstronauts.debug.xcconfig */;
			buildSettings = {
				ASSETCATALOG_COMPILER_APPICON_NAME = AppIcon;
				ASSETCATALOG_COMPILER_GLOBAL_ACCENT_COLOR_NAME = AccentColor;
				CODE_SIGN_STYLE = Automatic;
				INFOPLIST_FILE = SuncorpAstronauts/Info.plist;
				LD_RUNPATH_SEARCH_PATHS = (
					"$(inherited)",
					"@executable_path/Frameworks",
				);
				PRODUCT_BUNDLE_IDENTIFIER = me.maurya.nirmala.SuncorpAstronauts;
				PRODUCT_NAME = "$(TARGET_NAME)";
				SWIFT_VERSION = 5.0;
				TARGETED_DEVICE_FAMILY = "1,2";
			};
			name = Debug;
		};
		58EA61F92672061300FAF3CE /* Release */ = {
			isa = XCBuildConfiguration;
			baseConfigurationReference = AF0B790B6DBD198D59A96B1F /* Pods-SuncorpAstronauts.release.xcconfig */;
			buildSettings = {
				ASSETCATALOG_COMPILER_APPICON_NAME = AppIcon;
				ASSETCATALOG_COMPILER_GLOBAL_ACCENT_COLOR_NAME = AccentColor;
				CODE_SIGN_STYLE = Automatic;
				INFOPLIST_FILE = SuncorpAstronauts/Info.plist;
				LD_RUNPATH_SEARCH_PATHS = (
					"$(inherited)",
					"@executable_path/Frameworks",
				);
				PRODUCT_BUNDLE_IDENTIFIER = me.maurya.nirmala.SuncorpAstronauts;
				PRODUCT_NAME = "$(TARGET_NAME)";
				SWIFT_VERSION = 5.0;
				TARGETED_DEVICE_FAMILY = "1,2";
			};
			name = Release;
		};
		58EA61FB2672061300FAF3CE /* Debug */ = {
			isa = XCBuildConfiguration;
			baseConfigurationReference = 9F790CA173D23694513F3FBD /* Pods-SuncorpAstronautsTests.debug.xcconfig */;
			buildSettings = {
				ALWAYS_EMBED_SWIFT_STANDARD_LIBRARIES = YES;
				BUNDLE_LOADER = "$(TEST_HOST)";
				CODE_SIGN_STYLE = Automatic;
				INFOPLIST_FILE = SuncorpAstronautsTests/Info.plist;
				IPHONEOS_DEPLOYMENT_TARGET = 14.5;
				LD_RUNPATH_SEARCH_PATHS = (
					"$(inherited)",
					"@executable_path/Frameworks",
					"@loader_path/Frameworks",
				);
				PRODUCT_BUNDLE_IDENTIFIER = me.maurya.nirmala.SuncorpAstronautsTests;
				PRODUCT_NAME = "$(TARGET_NAME)";
				SWIFT_VERSION = 5.0;
				TARGETED_DEVICE_FAMILY = "1,2";
				TEST_HOST = "$(BUILT_PRODUCTS_DIR)/SuncorpAstronauts.app/SuncorpAstronauts";
			};
			name = Debug;
		};
		58EA61FC2672061300FAF3CE /* Release */ = {
			isa = XCBuildConfiguration;
			baseConfigurationReference = 0C1BC3C8CBAFD38929109B38 /* Pods-SuncorpAstronautsTests.release.xcconfig */;
			buildSettings = {
				ALWAYS_EMBED_SWIFT_STANDARD_LIBRARIES = YES;
				BUNDLE_LOADER = "$(TEST_HOST)";
				CODE_SIGN_STYLE = Automatic;
				INFOPLIST_FILE = SuncorpAstronautsTests/Info.plist;
				IPHONEOS_DEPLOYMENT_TARGET = 14.5;
				LD_RUNPATH_SEARCH_PATHS = (
					"$(inherited)",
					"@executable_path/Frameworks",
					"@loader_path/Frameworks",
				);
				PRODUCT_BUNDLE_IDENTIFIER = me.maurya.nirmala.SuncorpAstronautsTests;
				PRODUCT_NAME = "$(TARGET_NAME)";
				SWIFT_VERSION = 5.0;
				TARGETED_DEVICE_FAMILY = "1,2";
				TEST_HOST = "$(BUILT_PRODUCTS_DIR)/SuncorpAstronauts.app/SuncorpAstronauts";
			};
			name = Release;
		};
		58EA61FE2672061300FAF3CE /* Debug */ = {
			isa = XCBuildConfiguration;
			baseConfigurationReference = F0801D91CC3DA5887C4CFA81 /* Pods-SuncorpAstronauts-SuncorpAstronautsUITests.debug.xcconfig */;
			buildSettings = {
				ALWAYS_EMBED_SWIFT_STANDARD_LIBRARIES = YES;
				CODE_SIGN_STYLE = Automatic;
				INFOPLIST_FILE = SuncorpAstronautsUITests/Info.plist;
				LD_RUNPATH_SEARCH_PATHS = (
					"$(inherited)",
					"@executable_path/Frameworks",
					"@loader_path/Frameworks",
				);
				PRODUCT_BUNDLE_IDENTIFIER = me.maurya.nirmala.SuncorpAstronautsUITests;
				PRODUCT_NAME = "$(TARGET_NAME)";
				SWIFT_VERSION = 5.0;
				TARGETED_DEVICE_FAMILY = "1,2";
				TEST_TARGET_NAME = SuncorpAstronauts;
			};
			name = Debug;
		};
		58EA61FF2672061300FAF3CE /* Release */ = {
			isa = XCBuildConfiguration;
			baseConfigurationReference = 090C4D777622475DE4E5B5A6 /* Pods-SuncorpAstronauts-SuncorpAstronautsUITests.release.xcconfig */;
			buildSettings = {
				ALWAYS_EMBED_SWIFT_STANDARD_LIBRARIES = YES;
				CODE_SIGN_STYLE = Automatic;
				INFOPLIST_FILE = SuncorpAstronautsUITests/Info.plist;
				LD_RUNPATH_SEARCH_PATHS = (
					"$(inherited)",
					"@executable_path/Frameworks",
					"@loader_path/Frameworks",
				);
				PRODUCT_BUNDLE_IDENTIFIER = me.maurya.nirmala.SuncorpAstronautsUITests;
				PRODUCT_NAME = "$(TARGET_NAME)";
				SWIFT_VERSION = 5.0;
				TARGETED_DEVICE_FAMILY = "1,2";
				TEST_TARGET_NAME = SuncorpAstronauts;
			};
			name = Release;
		};
/* End XCBuildConfiguration section */

/* Begin XCConfigurationList section */
		58EA61C82672061000FAF3CE /* Build configuration list for PBXProject "SuncorpAstronauts" */ = {
			isa = XCConfigurationList;
			buildConfigurations = (
				58EA61F52672061300FAF3CE /* Debug */,
				58EA61F62672061300FAF3CE /* Release */,
			);
			defaultConfigurationIsVisible = 0;
			defaultConfigurationName = Release;
		};
		58EA61F72672061300FAF3CE /* Build configuration list for PBXNativeTarget "SuncorpAstronauts" */ = {
			isa = XCConfigurationList;
			buildConfigurations = (
				58EA61F82672061300FAF3CE /* Debug */,
				58EA61F92672061300FAF3CE /* Release */,
			);
			defaultConfigurationIsVisible = 0;
			defaultConfigurationName = Release;
		};
		58EA61FA2672061300FAF3CE /* Build configuration list for PBXNativeTarget "SuncorpAstronautsTests" */ = {
			isa = XCConfigurationList;
			buildConfigurations = (
				58EA61FB2672061300FAF3CE /* Debug */,
				58EA61FC2672061300FAF3CE /* Release */,
			);
			defaultConfigurationIsVisible = 0;
			defaultConfigurationName = Release;
		};
		58EA61FD2672061300FAF3CE /* Build configuration list for PBXNativeTarget "SuncorpAstronautsUITests" */ = {
			isa = XCConfigurationList;
			buildConfigurations = (
				58EA61FE2672061300FAF3CE /* Debug */,
				58EA61FF2672061300FAF3CE /* Release */,
			);
			defaultConfigurationIsVisible = 0;
			defaultConfigurationName = Release;
		};
/* End XCConfigurationList section */
	};
	rootObject = 58EA61C52672061000FAF3CE /* Project object */;
}
